# This file is automatically @generated by Cargo.
# It is not intended for manual editing.
version = 3

[[package]]
name = "lib-ruby-parser"
version = "3.0.4"
source = "registry+https://github.com/rust-lang/crates.io-index"
checksum = "a8b1fdf6d07b6be1b730afbaf040e946e44f7edbef2a71988cedb4c94990cb83"

[[package]]
name = "sard"
version = "0.1.0"
dependencies = [
 "lib-ruby-parser",
]
